
Microsoft Visual Studio Solution File, Format Version 12.00
# Visual Studio Version 17
VisualStudioVersion = 17.1.32407.343
MinimumVisualStudioVersion = 10.0.40219.1
Project("{9A19103F-16F7-4668-BE54-9A1E7A4F7556}") = "File.API", "File.API\File.API.csproj", "{865CA541-C1E5-49E9-BA51-826E130B954B}"
EndProject
Project("{9A19103F-16F7-4668-BE54-9A1E7A4F7556}") = "File.Domain", "File.Domain\File.Domain.csproj", "{0F8E9DA9-198B-4265-81FA-A8415E60ECEE}"
EndProject
Project("{9A19103F-16F7-4668-BE54-9A1E7A4F7556}") = "File.Infrastructure", "File.Infrastructure\File.Infrastructure.csproj", "{A28E7641-2DC5-46EB-861B-5DB1D3A57ACB}"
EndProject
Project("{FAE04EC0-301F-11D3-BF4B-00C04F79EFBC}") = "FileManagement", "FileManagement\FileManagement.csproj", "{ADAC29D7-B63B-46B9-9E9E-9A0E0BE1BB6C}"
EndProject
Global
	GlobalSection(SolutionConfigurationPlatforms) = preSolution
		Debug|Any CPU = Debug|Any CPU
		Release|Any CPU = Release|Any CPU
	EndGlobalSection
	GlobalSection(ProjectConfigurationPlatforms) = postSolution
		{865CA541-C1E5-49E9-BA51-826E130B954B}.Debug|Any CPU.ActiveCfg = Debug|Any CPU
		{865CA541-C1E5-49E9-BA51-826E130B954B}.Debug|Any CPU.Build.0 = Debug|Any CPU
		{865CA541-C1E5-49E9-BA51-826E130B954B}.Release|Any CPU.ActiveCfg = Release|Any CPU
		{865CA541-C1E5-49E9-BA51-826E130B954B}.Release|Any CPU.Build.0 = Release|Any CPU
		{0F8E9DA9-198B-4265-81FA-A8415E60ECEE}.Debug|Any CPU.ActiveCfg = Debug|Any CPU
		{0F8E9DA9-198B-4265-81FA-A8415E60ECEE}.Debug|Any CPU.Build.0 = Debug|Any CPU
		{0F8E9DA9-198B-4265-81FA-A8415E60ECEE}.Release|Any CPU.ActiveCfg = Release|Any CPU
		{0F8E9DA9-198B-4265-81FA-A8415E60ECEE}.Release|Any CPU.Build.0 = Release|Any CPU
		{A28E7641-2DC5-46EB-861B-5DB1D3A57ACB}.Debug|Any CPU.ActiveCfg = Debug|Any CPU
		{A28E7641-2DC5-46EB-861B-5DB1D3A57ACB}.Debug|Any CPU.Build.0 = Debug|Any CPU
		{A28E7641-2DC5-46EB-861B-5DB1D3A57ACB}.Release|Any CPU.ActiveCfg = Release|Any CPU
		{A28E7641-2DC5-46EB-861B-5DB1D3A57ACB}.Release|Any CPU.Build.0 = Release|Any CPU
		{ADAC29D7-B63B-46B9-9E9E-9A0E0BE1BB6C}.Debug|Any CPU.ActiveCfg = Debug|Any CPU
		{ADAC29D7-B63B-46B9-9E9E-9A0E0BE1BB6C}.Debug|Any CPU.Build.0 = Debug|Any CPU
		{ADAC29D7-B63B-46B9-9E9E-9A0E0BE1BB6C}.Release|Any CPU.ActiveCfg = Release|Any CPU
		{ADAC29D7-B63B-46B9-9E9E-9A0E0BE1BB6C}.Release|Any CPU.Build.0 = Release|Any CPU
	EndGlobalSection
	GlobalSection(SolutionProperties) = preSolution
		HideSolutionNode = FALSE
	EndGlobalSection
	GlobalSection(ExtensibilityGlobals) = postSolution
		SolutionGuid = {2C81EB96-7F54-4566-AA0F-2611D2922FF9}
	EndGlobalSection
EndGlobal
